
Microsoft Visual Studio Solution File, Format Version 12.00
# Visual Studio Version 17
VisualStudioVersion = 17.9.34728.123
MinimumVisualStudioVersion = 10.0.40219.1
Project("{9A19103F-16F7-4668-BE54-9A1E7A4F7556}") = "TestOne_Paradigmas", "TestOne_Paradigmas.csproj", "{980C3F03-EEBD-4AE3-8244-F06C3133E412}"
EndProject
Project("{9A19103F-16F7-4668-BE54-9A1E7A4F7556}") = "Entities", "..\Entities\Entities.csproj", "{BFE1F37B-ADC6-44DF-82E0-443DF8ED0F21}"
EndProject
Project("{9A19103F-16F7-4668-BE54-9A1E7A4F7556}") = "Services", "..\Services\Services.csproj", "{A3BD9388-AC95-4DE1-86B6-9CDF34B50917}"
EndProject
Project("{9A19103F-16F7-4668-BE54-9A1E7A4F7556}") = "DataContext", "..\DataContext\DataContext.csproj", "{D64C9FF6-E688-43B0-A6EC-3F5CA7F04C40}"
EndProject
Project("{FAE04EC0-301F-11D3-BF4B-00C04F79EFBC}") = "Requests", "..\Requests\Requests.csproj", "{722C8CA9-B561-4115-A6D8-6877A420F3C0}"
EndProject
Global
	GlobalSection(SolutionConfigurationPlatforms) = preSolution
		Debug|Any CPU = Debug|Any CPU
		Release|Any CPU = Release|Any CPU
	EndGlobalSection
	GlobalSection(ProjectConfigurationPlatforms) = postSolution
		{980C3F03-EEBD-4AE3-8244-F06C3133E412}.Debug|Any CPU.ActiveCfg = Debug|Any CPU
		{980C3F03-EEBD-4AE3-8244-F06C3133E412}.Debug|Any CPU.Build.0 = Debug|Any CPU
		{980C3F03-EEBD-4AE3-8244-F06C3133E412}.Release|Any CPU.ActiveCfg = Release|Any CPU
		{980C3F03-EEBD-4AE3-8244-F06C3133E412}.Release|Any CPU.Build.0 = Release|Any CPU
		{BFE1F37B-ADC6-44DF-82E0-443DF8ED0F21}.Debug|Any CPU.ActiveCfg = Debug|Any CPU
		{BFE1F37B-ADC6-44DF-82E0-443DF8ED0F21}.Debug|Any CPU.Build.0 = Debug|Any CPU
		{BFE1F37B-ADC6-44DF-82E0-443DF8ED0F21}.Release|Any CPU.ActiveCfg = Release|Any CPU
		{BFE1F37B-ADC6-44DF-82E0-443DF8ED0F21}.Release|Any CPU.Build.0 = Release|Any CPU
		{A3BD9388-AC95-4DE1-86B6-9CDF34B50917}.Debug|Any CPU.ActiveCfg = Debug|Any CPU
		{A3BD9388-AC95-4DE1-86B6-9CDF34B50917}.Debug|Any CPU.Build.0 = Debug|Any CPU
		{A3BD9388-AC95-4DE1-86B6-9CDF34B50917}.Release|Any CPU.ActiveCfg = Release|Any CPU
		{A3BD9388-AC95-4DE1-86B6-9CDF34B50917}.Release|Any CPU.Build.0 = Release|Any CPU
		{D64C9FF6-E688-43B0-A6EC-3F5CA7F04C40}.Debug|Any CPU.ActiveCfg = Debug|Any CPU
		{D64C9FF6-E688-43B0-A6EC-3F5CA7F04C40}.Debug|Any CPU.Build.0 = Debug|Any CPU
		{D64C9FF6-E688-43B0-A6EC-3F5CA7F04C40}.Release|Any CPU.ActiveCfg = Release|Any CPU
		{D64C9FF6-E688-43B0-A6EC-3F5CA7F04C40}.Release|Any CPU.Build.0 = Release|Any CPU
		{722C8CA9-B561-4115-A6D8-6877A420F3C0}.Debug|Any CPU.ActiveCfg = Debug|Any CPU
		{722C8CA9-B561-4115-A6D8-6877A420F3C0}.Debug|Any CPU.Build.0 = Debug|Any CPU
		{722C8CA9-B561-4115-A6D8-6877A420F3C0}.Release|Any CPU.ActiveCfg = Release|Any CPU
		{722C8CA9-B561-4115-A6D8-6877A420F3C0}.Release|Any CPU.Build.0 = Release|Any CPU
	EndGlobalSection
	GlobalSection(SolutionProperties) = preSolution
		HideSolutionNode = FALSE
	EndGlobalSection
	GlobalSection(ExtensibilityGlobals) = postSolution
		SolutionGuid = {FCE01B32-C50A-432F-B0CA-3EEF7FE8475F}
	EndGlobalSection
EndGlobal
